{
  "version": "5",
  "redirects": {
    "https://esm.sh/@supabase/node-fetch@^2.6.14?target=denonext": "https://esm.sh/@supabase/node-fetch@2.6.15?target=denonext",
    "https://esm.sh/@supabase/phoenix@^0.4.1?target=denonext": "https://esm.sh/@supabase/phoenix@0.4.1?target=denonext",
    "https://esm.sh/@supabase/supabase-js@2": "https://esm.sh/@supabase/supabase-js@2.105.3",
    "https://esm.sh/@types/ws@~8.18.1/index.d.mts": "https://esm.sh/@types/ws@8.18.1/index.d.mts",
    "https://esm.sh/bufferutil@^4.0.1?target=denonext": "https://esm.sh/bufferutil@4.1.0?target=denonext",
    "https://esm.sh/iceberg-js@^0.8.1?target=denonext": "https://esm.sh/iceberg-js@0.8.1?target=denonext",
    "https://esm.sh/node-gyp-build@^4.3.0?target=denonext": "https://esm.sh/node-gyp-build@4.8.4?target=denonext",
    "https://esm.sh/tr46@~0.0.3?target=denonext": "https://esm.sh/tr46@0.0.3?target=denonext",
    "https://esm.sh/utf-8-validate@%3E=5.0.2?target=denonext": "https://esm.sh/utf-8-validate@6.0.6?target=denonext",
    "https://esm.sh/webidl-conversions@^3.0.0?target=denonext": "https://esm.sh/webidl-conversions@3.0.1?target=denonext",
    "https://esm.sh/whatwg-url@^5.0.0?target=denonext": "https://esm.sh/whatwg-url@5.0.0?target=denonext",
    "https://esm.sh/ws@^8.14.2?target=denonext": "https://esm.sh/ws@8.20.0?target=denonext"
  },
  "remote": {
    "https://deno.land/std@0.168.0/async/abortable.ts": "80b2ac399f142cc528f95a037a7d0e653296352d95c681e284533765961de409",
    "https://deno.land/std@0.168.0/async/deadline.ts": "2c2deb53c7c28ca1dda7a3ad81e70508b1ebc25db52559de6b8636c9278fd41f",
    "https://deno.land/std@0.168.0/async/debounce.ts": "60301ffb37e730cd2d6f9dadfd0ecb2a38857681bd7aaf6b0a106b06e5210a98",
    "https://deno.land/std@0.168.0/async/deferred.ts": "77d3f84255c3627f1cc88699d8472b664d7635990d5358c4351623e098e917d6",
    "https://deno.land/std@0.168.0/async/delay.ts": "5a9bfba8de38840308a7a33786a0155a7f6c1f7a859558ddcec5fe06e16daf57",
    "https://deno.land/std@0.168.0/async/mod.ts": "7809ad4bb223e40f5fdc043e5c7ca04e0e25eed35c32c3c32e28697c553fa6d9",
    "https://deno.land/std@0.168.0/async/mux_async_iterator.ts": "770a0ff26c59f8bbbda6b703a2235f04e379f73238e8d66a087edc68c2a2c35f",
    "https://deno.land/std@0.168.0/async/pool.ts": "6854d8cd675a74c73391c82005cbbe4cc58183bddcd1fbbd7c2bcda42b61cf69",
    "https://deno.land/std@0.168.0/async/retry.ts": "e8e5173623915bbc0ddc537698fa418cf875456c347eda1ed453528645b42e67",
    "https://deno.land/std@0.168.0/async/tee.ts": "3a47cc4e9a940904fd4341f0224907e199121c80b831faa5ec2b054c6d2eff5e",
    "https://deno.land/std@0.168.0/http/server.ts": "e99c1bee8a3f6571ee4cdeb2966efad465b8f6fe62bec1bdb59c1f007cc4d155",
    "https://esm.sh/@supabase/auth-js@2.105.3/denonext/auth-js.mjs": "bfb1af9e79103bf098fe4afbfeb67de52b54897e8b62a9e77700645e8a18b488",
    "https://esm.sh/@supabase/auth-js@2.65.1/denonext/auth-js.mjs": "82701851608f9c7a52d03bb0a4af6e6cc74170ffd56113801ed17a4d69c01f50",
    "https://esm.sh/@supabase/functions-js@2.105.3/denonext/functions-js.mjs": "a29633ee017ee24e5924418d9d5bda8356f135174b22d5e35803fde90bbb9ae8",
    "https://esm.sh/@supabase/functions-js@2.4.3/denonext/functions-js.mjs": "1dc3e89b1726a49855256f2a77f12d63aeeb506b5481d257e225333372cefe1f",
    "https://esm.sh/@supabase/node-fetch@2.6.15/denonext/node-fetch.mjs": "0bae9052231f4f6dbccc7234d05ea96923dbf967be12f402764580b6bf9f713d",
    "https://esm.sh/@supabase/node-fetch@2.6.15?target=denonext": "4d28c4ad97328403184353f68434f2b6973971507919e9150297413664919cf3",
    "https://esm.sh/@supabase/phoenix@0.4.1/denonext/phoenix.mjs": "90a9f887b7a8e21d1928f4edd2aa62842b348f4dda81d79ded6ad70503ab14f8",
    "https://esm.sh/@supabase/phoenix@0.4.1?target=denonext": "d45f006997b634de18932bf86b45f0ca66c11e8b1de9cb34d48aa3fe80c65a43",
    "https://esm.sh/@supabase/postgrest-js@1.16.3/denonext/postgrest-js.mjs": "ef1f5a1c3f633a7ed97e19949ea817806470a6fb02cd02f78e2b1a0e38adfb2a",
    "https://esm.sh/@supabase/postgrest-js@2.105.3/denonext/postgrest-js.mjs": "02730f72e0977bb5a631080db2ce1e6b471ec1913c04dae3b5185e4561091c67",
    "https://esm.sh/@supabase/realtime-js@2.10.7/denonext/realtime-js.mjs": "fbc7a686a6cc9a244c46754c35b19fa186056fb2d331d09da287a9e452eae334",
    "https://esm.sh/@supabase/realtime-js@2.105.3/denonext/realtime-js.mjs": "a792588b0d6ac9c300bbdfcec744d9056ed3aa638ed7e1d47b5017344108827a",
    "https://esm.sh/@supabase/storage-js@2.105.3/denonext/storage-js.mjs": "8927ab8f2444708e5b46da79e9a877f7ca573688e0530fb9643ec1870b250e31",
    "https://esm.sh/@supabase/storage-js@2.7.1/denonext/storage-js.mjs": "73ac8cdc95cfcd794fe603dbd7ce06d539ab51538ae6467eabe0f9cc26c993aa",
    "https://esm.sh/@supabase/supabase-js@2.105.3": "5a134c393ed588a62d398734c1af54ff1eab170090908bbaef624106b5201d41",
    "https://esm.sh/@supabase/supabase-js@2.105.3/denonext/supabase-js.mjs": "7bb99c07bca3461710323c4343f4eb6dcd728107b68d25cb7fff0783d6b8348b",
    "https://esm.sh/@supabase/supabase-js@2.45.6": "64fd92035e0df4a318a5897293abdf5b33b5a66d264c7b40289c008d58251254",
    "https://esm.sh/@supabase/supabase-js@2.45.6/denonext/supabase-js.mjs": "8e37d612b9f2f0cb9039b29cb1115c71a13a92992e53f95be24bcab2449a13b5",
    "https://esm.sh/bufferutil@4.1.0/denonext/bufferutil.mjs": "9b6e81087bdc57848ad1de1f8618ebbace98ebd9ff6cab51260b48c2a045a9c9",
    "https://esm.sh/bufferutil@4.1.0?target=denonext": "aaa2a112199593ccc40da1aedf5124779862ea166afb0a8529f04f907001428a",
    "https://esm.sh/iceberg-js@0.8.1/denonext/iceberg-js.mjs": "d839d81a2e3966500ca2cdd0c1cb458e9608bacfc91f7bb67a69b2e878dcdb4f",
    "https://esm.sh/iceberg-js@0.8.1?target=denonext": "58c849d7fe2bf4eca4a84eb501e83c161a7d8c34ca1bec15a962b3bec3062633",
    "https://esm.sh/node-gyp-build@4.8.4/denonext/node-gyp-build.mjs": "9a86f2d044fc77bd60aaa3d697c2ba1b818da5fb1b9aaeedec59a40b8e908803",
    "https://esm.sh/node-gyp-build@4.8.4?target=denonext": "261a6cedf1fdbf159798141ba1e2311ac1510682c5c8b55dacc8cf5fdee4aa06",
    "https://esm.sh/tr46@0.0.3/denonext/tr46.mjs": "5753ec0a99414f4055f0c1f97691100f13d88e48a8443b00aebb90a512785fa2",
    "https://esm.sh/tr46@0.0.3?target=denonext": "19cb9be0f0d418a0c3abb81f2df31f080e9540a04e43b0f699bce1149cba0cbb",
    "https://esm.sh/tslib@2.8.1/denonext/tslib.mjs": "c38da5dd6da6281964435002ce204cd586634fe3bdfb24a0ee116f48cf3292e9",
    "https://esm.sh/utf-8-validate@6.0.6/denonext/utf-8-validate.mjs": "4a41983aa887625615f52a52b53c223d8f16c74e52a6bd41b2c361894c07f878",
    "https://esm.sh/utf-8-validate@6.0.6?target=denonext": "8afa4e097093160323f232f971ca61474d22ccafdac8025e4e4f66ab4e07b2c4",
    "https://esm.sh/webidl-conversions@3.0.1/denonext/webidl-conversions.mjs": "238cd0743827707cbc1c2d7c2cf1027dbc536fb53ec9a3fde0ff8026a3ac5385",
    "https://esm.sh/webidl-conversions@3.0.1?target=denonext": "4e20318d50528084616c79d7b3f6e7f0fe7b6d09013bd01b3974d7448d767e29",
    "https://esm.sh/whatwg-url@5.0.0/denonext/whatwg-url.mjs": "29b16d74ee72624c915745bbd25b617cfd2248c6af0f5120d131e232a9a9af79",
    "https://esm.sh/whatwg-url@5.0.0?target=denonext": "f001a2cadf81312d214ca330033f474e74d81a003e21e8c5d70a1f46dc97b02d",
    "https://esm.sh/ws@8.20.0/denonext/ws.mjs": "8f99f7c486b2200e4fcf9449bdc4f2cd612edb2db751b7e8e7ebb5c0a2338d31",
    "https://esm.sh/ws@8.20.0?target=denonext": "effaa9bb90113d428c29c9b80d5783c9d0717da4ade0a31590a439fd2dac4509"
  },
  "workspace": {
    "dependencies": [
      "jsr:@supabase/functions-js@2"
    ]
  }
}
